// !$*UTF8*$!
{
	archiveVersion = 1;
	classes = {
	};
	objectVersion = 50;
	objects = {

/* Begin PBXBuildFile section */
		CA0E918124D288BF00A53216 /* UserData.swift in Sources */ = {isa = PBXBuildFile; fileRef = CA0E918024D288BF00A53216 /* UserData.swift */; };
		CA0E918824D288E900A53216 /* LandmarkRow.swift in Sources */ = {isa = PBXBuildFile; fileRef = CA0E918224D288E900A53216 /* LandmarkRow.swift */; };
		CA0E918924D288E900A53216 /* Badge.swift in Sources */ = {isa = PBXBuildFile; fileRef = CA0E918324D288E900A53216 /* Badge.swift */; };
		CA0E918A24D288E900A53216 /* MapView.swift in Sources */ = {isa = PBXBuildFile; fileRef = CA0E918424D288E900A53216 /* MapView.swift */; };
		CA0E918B24D288E900A53216 /* CircleImage.swift in Sources */ = {isa = PBXBuildFile; fileRef = CA0E918524D288E900A53216 /* CircleImage.swift */; };
		CA0E918C24D288E900A53216 /* BadgeSymbol.swift in Sources */ = {isa = PBXBuildFile; fileRef = CA0E918624D288E900A53216 /* BadgeSymbol.swift */; };
		CA0E918D24D288E900A53216 /* BadgeBackground.swift in Sources */ = {isa = PBXBuildFile; fileRef = CA0E918724D288E900A53216 /* BadgeBackground.swift */; };
		CA0F117A24D5E1150057A099 /* CategoryRow.swift in Sources */ = {isa = PBXBuildFile; fileRef = CA0F117924D5E1150057A099 /* CategoryRow.swift */; };
		CA1134A324D5D16700031971 /* Home.swift in Sources */ = {isa = PBXBuildFile; fileRef = CA1134A224D5D16700031971 /* Home.swift */; };
		CA3020AA24CFE38300B92CE8 /* HexagonParameters.swift in Sources */ = {isa = PBXBuildFile; fileRef = CA3020A924CFE38300B92CE8 /* HexagonParameters.swift */; };
		CA632C2A249FDC7700483DBA /* AppDelegate.swift in Sources */ = {isa = PBXBuildFile; fileRef = CA632C29249FDC7700483DBA /* AppDelegate.swift */; };
		CA632C2C249FDC7700483DBA /* SceneDelegate.swift in Sources */ = {isa = PBXBuildFile; fileRef = CA632C2B249FDC7700483DBA /* SceneDelegate.swift */; };
		CA632C2E249FDC7700483DBA /* LandmarkDetail.swift in Sources */ = {isa = PBXBuildFile; fileRef = CA632C2D249FDC7700483DBA /* LandmarkDetail.swift */; };
		CA632C30249FDC7D00483DBA /* Assets.xcassets in Resources */ = {isa = PBXBuildFile; fileRef = CA632C2F249FDC7D00483DBA /* Assets.xcassets */; };
		CA632C33249FDC7D00483DBA /* Preview Assets.xcassets in Resources */ = {isa = PBXBuildFile; fileRef = CA632C32249FDC7D00483DBA /* Preview Assets.xcassets */; };
		CA632C36249FDC7D00483DBA /* LaunchScreen.storyboard in Resources */ = {isa = PBXBuildFile; fileRef = CA632C34249FDC7D00483DBA /* LaunchScreen.storyboard */; };
		CA6A8CBB24CD423A002869CF /* Data.swift in Sources */ = {isa = PBXBuildFile; fileRef = CA6A8CB924CD423A002869CF /* Data.swift */; };
		CA6A8CBC24CD423A002869CF /* Landmark.swift in Sources */ = {isa = PBXBuildFile; fileRef = CA6A8CBA24CD423A002869CF /* Landmark.swift */; };
		CAD930F224CDAA70003A087A /* LandmarkList.swift in Sources */ = {isa = PBXBuildFile; fileRef = CAD930F124CDAA70003A087A /* LandmarkList.swift */; };
		CAD9310024CDEFFD003A087A /* chincoteague.jpg in Resources */ = {isa = PBXBuildFile; fileRef = CAD930F324CDEFFC003A087A /* chincoteague.jpg */; };
		CAD9310124CDEFFD003A087A /* twinlake.jpg in Resources */ = {isa = PBXBuildFile; fileRef = CAD930F424CDEFFC003A087A /* twinlake.jpg */; };
		CAD9310224CDEFFD003A087A /* landmarkData.json in Resources */ = {isa = PBXBuildFile; fileRef = CAD930F524CDEFFC003A087A /* landmarkData.json */; };
		CAD9310324CDEFFD003A087A /* chilkoottrail.jpg in Resources */ = {isa = PBXBuildFile; fileRef = CAD930F624CDEFFC003A087A /* chilkoottrail.jpg */; };
		CAD9310424CDEFFD003A087A /* stmarylake.jpg in Resources */ = {isa = PBXBuildFile; fileRef = CAD930F724CDEFFC003A087A /* stmarylake.jpg */; };
		CAD9310524CDEFFD003A087A /* turtlerock.jpg in Resources */ = {isa = PBXBuildFile; fileRef = CAD930F824CDEFFC003A087A /* turtlerock.jpg */; };
		CAD9310624CDEFFD003A087A /* rainbowlake.jpg in Resources */ = {isa = PBXBuildFile; fileRef = CAD930F924CDEFFD003A087A /* rainbowlake.jpg */; };
		CAD9310724CDEFFD003A087A /* lakemcdonald.jpg in Resources */ = {isa = PBXBuildFile; fileRef = CAD930FA24CDEFFD003A087A /* lakemcdonald.jpg */; };
		CAD9310824CDEFFD003A087A /* hiddenlake.jpg in Resources */ = {isa = PBXBuildFile; fileRef = CAD930FB24CDEFFD003A087A /* hiddenlake.jpg */; };
		CAD9310924CDEFFD003A087A /* icybay.jpg in Resources */ = {isa = PBXBuildFile; fileRef = CAD930FC24CDEFFD003A087A /* icybay.jpg */; };
		CAD9310A24CDEFFD003A087A /* umbagog.jpg in Resources */ = {isa = PBXBuildFile; fileRef = CAD930FD24CDEFFD003A087A /* umbagog.jpg */; };
		CAD9310B24CDEFFD003A087A /* silversalmoncreek.jpg in Resources */ = {isa = PBXBuildFile; fileRef = CAD930FE24CDEFFD003A087A /* silversalmoncreek.jpg */; };
		CAD9310C24CDEFFD003A087A /* charleyrivers.jpg in Resources */ = {isa = PBXBuildFile; fileRef = CAD930FF24CDEFFD003A087A /* charleyrivers.jpg */; };
		CAF2DCBA24D285D6005F375E /* HikeDetail.swift in Sources */ = {isa = PBXBuildFile; fileRef = CAF2DCB824D285D6005F375E /* HikeDetail.swift */; };
		CAF2DCBB24D285D6005F375E /* HikeView.swift in Sources */ = {isa = PBXBuildFile; fileRef = CAF2DCB924D285D6005F375E /* HikeView.swift */; };
		CAF2DCBD24D2860D005F375E /* Hike.swift in Sources */ = {isa = PBXBuildFile; fileRef = CAF2DCBC24D2860D005F375E /* Hike.swift */; };
		CAF2DCC124D28649005F375E /* HikeGraph.swift in Sources */ = {isa = PBXBuildFile; fileRef = CAF2DCBE24D28649005F375E /* HikeGraph.swift */; };
		CAF2DCC224D28649005F375E /* RotatedBadgeSymbol.swift in Sources */ = {isa = PBXBuildFile; fileRef = CAF2DCBF24D28649005F375E /* RotatedBadgeSymbol.swift */; };
		CAF2DCC324D28649005F375E /* GraphCapsule.swift in Sources */ = {isa = PBXBuildFile; fileRef = CAF2DCC024D28649005F375E /* GraphCapsule.swift */; };
/* End PBXBuildFile section */

/* Begin PBXFileReference section */
		CA0E918024D288BF00A53216 /* UserData.swift */ = {isa = PBXFileReference; fileEncoding = 4; lastKnownFileType = sourcecode.swift; path = UserData.swift; sourceTree = "<group>"; };
		CA0E918224D288E900A53216 /* LandmarkRow.swift */ = {isa = PBXFileReference; fileEncoding = 4; lastKnownFileType = sourcecode.swift; path = LandmarkRow.swift; sourceTree = "<group>"; };
		CA0E918324D288E900A53216 /* Badge.swift */ = {isa = PBXFileReference; fileEncoding = 4; lastKnownFileType = sourcecode.swift; path = Badge.swift; sourceTree = "<group>"; };
		CA0E918424D288E900A53216 /* MapView.swift */ = {isa = PBXFileReference; fileEncoding = 4; lastKnownFileType = sourcecode.swift; path = MapView.swift; sourceTree = "<group>"; };
		CA0E918524D288E900A53216 /* CircleImage.swift */ = {isa = PBXFileReference; fileEncoding = 4; lastKnownFileType = sourcecode.swift; path = CircleImage.swift; sourceTree = "<group>"; };
		CA0E918624D288E900A53216 /* BadgeSymbol.swift */ = {isa = PBXFileReference; fileEncoding = 4; lastKnownFileType = sourcecode.swift; path = BadgeSymbol.swift; sourceTree = "<group>"; };
		CA0E918724D288E900A53216 /* BadgeBackground.swift */ = {isa = PBXFileReference; fileEncoding = 4; lastKnownFileType = sourcecode.swift; path = BadgeBackground.swift; sourceTree = "<group>"; };
		CA0F117924D5E1150057A099 /* CategoryRow.swift */ = {isa = PBXFileReference; lastKnownFileType = sourcecode.swift; path = CategoryRow.swift; sourceTree = "<group>"; };
		CA1134A224D5D16700031971 /* Home.swift */ = {isa = PBXFileReference; lastKnownFileType = sourcecode.swift; path = Home.swift; sourceTree = "<group>"; };
		CA3020A924CFE38300B92CE8 /* HexagonParameters.swift */ = {isa = PBXFileReference; fileEncoding = 4; lastKnownFileType = sourcecode.swift; path = HexagonParameters.swift; sourceTree = "<group>"; };
		CA632C26249FDC7700483DBA /* Landmarks.app */ = {isa = PBXFileReference; explicitFileType = wrapper.application; includeInIndex = 0; path = Landmarks.app; sourceTree = BUILT_PRODUCTS_DIR; };
		CA632C29249FDC7700483DBA /* AppDelegate.swift */ = {isa = PBXFileReference; lastKnownFileType = sourcecode.swift; path = AppDelegate.swift; sourceTree = "<group>"; };
		CA632C2B249FDC7700483DBA /* SceneDelegate.swift */ = {isa = PBXFileReference; lastKnownFileType = sourcecode.swift; path = SceneDelegate.swift; sourceTree = "<group>"; };
		CA632C2D249FDC7700483DBA /* LandmarkDetail.swift */ = {isa = PBXFileReference; lastKnownFileType = sourcecode.swift; path = LandmarkDetail.swift; sourceTree = "<group>"; };
		CA632C2F249FDC7D00483DBA /* Assets.xcassets */ = {isa = PBXFileReference; lastKnownFileType = folder.assetcatalog; path = Assets.xcassets; sourceTree = "<group>"; };
		CA632C32249FDC7D00483DBA /* Preview Assets.xcassets */ = {isa = PBXFileReference; lastKnownFileType = folder.assetcatalog; path = "Preview Assets.xcassets"; sourceTree = "<group>"; };
		CA632C35249FDC7D00483DBA /* Base */ = {isa = PBXFileReference; lastKnownFileType = file.storyboard; name = Base; path = Base.lproj/LaunchScreen.storyboard; sourceTree = "<group>"; };
		CA632C37249FDC7D00483DBA /* Info.plist */ = {isa = PBXFileReference; lastKnownFileType = text.plist.xml; path = Info.plist; sourceTree = "<group>"; };
		CA6A8CB924CD423A002869CF /* Data.swift */ = {isa = PBXFileReference; fileEncoding = 4; lastKnownFileType = sourcecode.swift; path = Data.swift; sourceTree = "<group>"; };
		CA6A8CBA24CD423A002869CF /* Landmark.swift */ = {isa = PBXFileReference; fileEncoding = 4; lastKnownFileType = sourcecode.swift; path = Landmark.swift; sourceTree = "<group>"; };
		CAD930F124CDAA70003A087A /* LandmarkList.swift */ = {isa = PBXFileReference; lastKnownFileType = sourcecode.swift; path = LandmarkList.swift; sourceTree = "<group>"; };
		CAD930F324CDEFFC003A087A /* chincoteague.jpg */ = {isa = PBXFileReference; lastKnownFileType = image.jpeg; path = chincoteague.jpg; sourceTree = "<group>"; };
		CAD930F424CDEFFC003A087A /* twinlake.jpg */ = {isa = PBXFileReference; lastKnownFileType = image.jpeg; path = twinlake.jpg; sourceTree = "<group>"; };
		CAD930F524CDEFFC003A087A /* landmarkData.json */ = {isa = PBXFileReference; fileEncoding = 4; lastKnownFileType = text.json; path = landmarkData.json; sourceTree = "<group>"; };
		CAD930F624CDEFFC003A087A /* chilkoottrail.jpg */ = {isa = PBXFileReference; lastKnownFileType = image.jpeg; path = chilkoottrail.jpg; sourceTree = "<group>"; };
		CAD930F724CDEFFC003A087A /* stmarylake.jpg */ = {isa = PBXFileReference; lastKnownFileType = image.jpeg; path = stmarylake.jpg; sourceTree = "<group>"; };
		CAD930F824CDEFFC003A087A /* turtlerock.jpg */ = {isa = PBXFileReference; lastKnownFileType = image.jpeg; path = turtlerock.jpg; sourceTree = "<group>"; };
		CAD930F924CDEFFD003A087A /* rainbowlake.jpg */ = {isa = PBXFileReference; lastKnownFileType = image.jpeg; path = rainbowlake.jpg; sourceTree = "<group>"; };
		CAD930FA24CDEFFD003A087A /* lakemcdonald.jpg */ = {isa = PBXFileReference; lastKnownFileType = image.jpeg; path = lakemcdonald.jpg; sourceTree = "<group>"; };
		CAD930FB24CDEFFD003A087A /* hiddenlake.jpg */ = {isa = PBXFileReference; lastKnownFileType = image.jpeg; path = hiddenlake.jpg; sourceTree = "<group>"; };
		CAD930FC24CDEFFD003A087A /* icybay.jpg */ = {isa = PBXFileReference; lastKnownFileType = image.jpeg; path = icybay.jpg; sourceTree = "<group>"; };
		CAD930FD24CDEFFD003A087A /* umbagog.jpg */ = {isa = PBXFileReference; lastKnownFileType = image.jpeg; path = umbagog.jpg; sourceTree = "<group>"; };
		CAD930FE24CDEFFD003A087A /* silversalmoncreek.jpg */ = {isa = PBXFileReference; lastKnownFileType = image.jpeg; path = silversalmoncreek.jpg; sourceTree = "<group>"; };
		CAD930FF24CDEFFD003A087A /* charleyrivers.jpg */ = {isa = PBXFileReference; lastKnownFileType = image.jpeg; path = charleyrivers.jpg; sourceTree = "<group>"; };
		CAF2DCB824D285D6005F375E /* HikeDetail.swift */ = {isa = PBXFileReference; fileEncoding = 4; lastKnownFileType = sourcecode.swift; path = HikeDetail.swift; sourceTree = "<group>"; };
		CAF2DCB924D285D6005F375E /* HikeView.swift */ = {isa = PBXFileReference; fileEncoding = 4; lastKnownFileType = sourcecode.swift; path = HikeView.swift; sourceTree = "<group>"; };
		CAF2DCBC24D2860D005F375E /* Hike.swift */ = {isa = PBXFileReference; fileEncoding = 4; lastKnownFileType = sourcecode.swift; path = Hike.swift; sourceTree = "<group>"; };
		CAF2DCBE24D28649005F375E /* HikeGraph.swift */ = {isa = PBXFileReference; fileEncoding = 4; lastKnownFileType = sourcecode.swift; path = HikeGraph.swift; sourceTree = "<group>"; };
		CAF2DCBF24D28649005F375E /* RotatedBadgeSymbol.swift */ = {isa = PBXFileReference; fileEncoding = 4; lastKnownFileType = sourcecode.swift; path = RotatedBadgeSymbol.swift; sourceTree = "<group>"; };
		CAF2DCC024D28649005F375E /* GraphCapsule.swift */ = {isa = PBXFileReference; fileEncoding = 4; lastKnownFileType = sourcecode.swift; path = GraphCapsule.swift; sourceTree = "<group>"; };
/* End PBXFileReference section */

/* Begin PBXFrameworksBuildPhase section */
		CA632C23249FDC7700483DBA /* Frameworks */ = {
			isa = PBXFrameworksBuildPhase;
			buildActionMask = 2147483647;
			files = (
			);
			runOnlyForDeploymentPostprocessing = 0;
		};
/* End PBXFrameworksBuildPhase section */

/* Begin PBXGroup section */
		CA632C1D249FDC7700483DBA = {
			isa = PBXGroup;
			children = (
				CA632C28249FDC7700483DBA /* Landmarks */,
				CA632C27249FDC7700483DBA /* Products */,
			);
			sourceTree = "<group>";
		};
		CA632C27249FDC7700483DBA /* Products */ = {
			isa = PBXGroup;
			children = (
				CA632C26249FDC7700483DBA /* Landmarks.app */,
			);
			name = Products;
			sourceTree = "<group>";
		};
		CA632C28249FDC7700483DBA /* Landmarks */ = {
			isa = PBXGroup;
			children = (
				CAF2DCB824D285D6005F375E /* HikeDetail.swift */,
				CA1134A224D5D16700031971 /* Home.swift */,
				CA0F117924D5E1150057A099 /* CategoryRow.swift */,
				CAF2DCB924D285D6005F375E /* HikeView.swift */,
				CAE9324324D1194800258074 /* Supporting Views */,
				CA6A8CBD24CD4827002869CF /* Resources */,
				CA6A8CB824CD41E7002869CF /* Models */,
				CA632C29249FDC7700483DBA /* AppDelegate.swift */,
				CA632C2B249FDC7700483DBA /* SceneDelegate.swift */,
				CA632C2D249FDC7700483DBA /* LandmarkDetail.swift */,
				CA3020A924CFE38300B92CE8 /* HexagonParameters.swift */,
				CAD930F124CDAA70003A087A /* LandmarkList.swift */,
				CA632C2F249FDC7D00483DBA /* Assets.xcassets */,
				CA632C34249FDC7D00483DBA /* LaunchScreen.storyboard */,
				CA632C37249FDC7D00483DBA /* Info.plist */,
				CA632C31249FDC7D00483DBA /* Preview Content */,
			);
			path = Landmarks;
			sourceTree = "<group>";
		};
		CA632C31249FDC7D00483DBA /* Preview Content */ = {
			isa = PBXGroup;
			children = (
				CA632C32249FDC7D00483DBA /* Preview Assets.xcassets */,
			);
			path = "Preview Content";
			sourceTree = "<group>";
		};
		CA6A8CB824CD41E7002869CF /* Models */ = {
			isa = PBXGroup;
			children = (
				CA0E918024D288BF00A53216 /* UserData.swift */,
				CAF2DCBC24D2860D005F375E /* Hike.swift */,
				CA6A8CB924CD423A002869CF /* Data.swift */,
				CA6A8CBA24CD423A002869CF /* Landmark.swift */,
			);
			path = Models;
			sourceTree = "<group>";
		};
		CA6A8CBD24CD4827002869CF /* Resources */ = {
			isa = PBXGroup;
			children = (
				CAD930FF24CDEFFD003A087A /* charleyrivers.jpg */,
				CAD930F624CDEFFC003A087A /* chilkoottrail.jpg */,
				CAD930F324CDEFFC003A087A /* chincoteague.jpg */,
				CAD930FB24CDEFFD003A087A /* hiddenlake.jpg */,
				CAD930FC24CDEFFD003A087A /* icybay.jpg */,
				CAD930FA24CDEFFD003A087A /* lakemcdonald.jpg */,
				CAD930F524CDEFFC003A087A /* landmarkData.json */,
				CAD930F924CDEFFD003A087A /* rainbowlake.jpg */,
				CAD930FE24CDEFFD003A087A /* silversalmoncreek.jpg */,
				CAD930F724CDEFFC003A087A /* stmarylake.jpg */,
				CAD930F824CDEFFC003A087A /* turtlerock.jpg */,
				CAD930F424CDEFFC003A087A /* twinlake.jpg */,
				CAD930FD24CDEFFD003A087A /* umbagog.jpg */,
			);
			path = Resources;
			sourceTree = "<group>";
		};
		CAE9324324D1194800258074 /* Supporting Views */ = {
			isa = PBXGroup;
			children = (
				CA0E918324D288E900A53216 /* Badge.swift */,
				CA0E918724D288E900A53216 /* BadgeBackground.swift */,
				CA0E918624D288E900A53216 /* BadgeSymbol.swift */,
				CA0E918524D288E900A53216 /* CircleImage.swift */,
				CA0E918224D288E900A53216 /* LandmarkRow.swift */,
				CA0E918424D288E900A53216 /* MapView.swift */,
				CAF2DCC024D28649005F375E /* GraphCapsule.swift */,
				CAF2DCBE24D28649005F375E /* HikeGraph.swift */,
				CAF2DCBF24D28649005F375E /* RotatedBadgeSymbol.swift */,
			);
			path = "Supporting Views";
			sourceTree = "<group>";
		};
/* End PBXGroup section */

/* Begin PBXNativeTarget section */
		CA632C25249FDC7700483DBA /* Landmarks */ = {
			isa = PBXNativeTarget;
			buildConfigurationList = CA632C3A249FDC7D00483DBA /* Build configuration list for PBXNativeTarget "Landmarks" */;
			buildPhases = (
				CA632C22249FDC7700483DBA /* Sources */,
				CA632C23249FDC7700483DBA /* Frameworks */,
				CA632C24249FDC7700483DBA /* Resources */,
			);
			buildRules = (
			);
			dependencies = (
			);
			name = Landmarks;
			productName = Landmarks;
			productReference = CA632C26249FDC7700483DBA /* Landmarks.app */;
			productType = "com.apple.product-type.application";
		};
/* End PBXNativeTarget section */

/* Begin PBXProject section */
		CA632C1E249FDC7700483DBA /* Project object */ = {
			isa = PBXProject;
			attributes = {
				LastSwiftUpdateCheck = 1150;
				LastUpgradeCheck = 1200;
				ORGANIZATIONNAME = "Brandon Knox";
				TargetAttributes = {
					CA632C25249FDC7700483DBA = {
						CreatedOnToolsVersion = 11.5;
					};
				};
			};
			buildConfigurationList = CA632C21249FDC7700483DBA /* Build configuration list for PBXProject "Landmarks" */;
			compatibilityVersion = "Xcode 9.3";
			developmentRegion = en;
			hasScannedForEncodings = 0;
			knownRegions = (
				en,
				Base,
			);
			mainGroup = CA632C1D249FDC7700483DBA;
			productRefGroup = CA632C27249FDC7700483DBA /* Products */;
			projectDirPath = "";
			projectRoot = "";
			targets = (
				CA632C25249FDC7700483DBA /* Landmarks */,
			);
		};
/* End PBXProject section */

/* Begin PBXResourcesBuildPhase section */
		CA632C24249FDC7700483DBA /* Resources */ = {
			isa = PBXResourcesBuildPhase;
			buildActionMask = 2147483647;
			files = (
				CAD9310B24CDEFFD003A087A /* silversalmoncreek.jpg in Resources */,
				CA632C36249FDC7D00483DBA /* LaunchScreen.storyboard in Resources */,
				CAD9310624CDEFFD003A087A /* rainbowlake.jpg in Resources */,
				CAD9310C24CDEFFD003A087A /* charleyrivers.jpg in Resources */,
				CAD9310A24CDEFFD003A087A /* umbagog.jpg in Resources */,
				CAD9310924CDEFFD003A087A /* icybay.jpg in Resources */,
				CAD9310124CDEFFD003A087A /* twinlake.jpg in Resources */,
				CAD9310524CDEFFD003A087A /* turtlerock.jpg in Resources */,
				CAD9310424CDEFFD003A087A /* stmarylake.jpg in Resources */,
				CAD9310324CDEFFD003A087A /* chilkoottrail.jpg in Resources */,
				CA632C33249FDC7D00483DBA /* Preview Assets.xcassets in Resources */,
				CAD9310724CDEFFD003A087A /* lakemcdonald.jpg in Resources */,
				CAD9310024CDEFFD003A087A /* chincoteague.jpg in Resources */,
				CA632C30249FDC7D00483DBA /* Assets.xcassets in Resources */,
				CAD9310824CDEFFD003A087A /* hiddenlake.jpg in Resources */,
				CAD9310224CDEFFD003A087A /* landmarkData.json in Resources */,
			);
			runOnlyForDeploymentPostprocessing = 0;
		};
/* End PBXResourcesBuildPhase section */

/* Begin PBXSourcesBuildPhase section */
		CA632C22249FDC7700483DBA /* Sources */ = {
			isa = PBXSourcesBuildPhase;
			buildActionMask = 2147483647;
			files = (
				CA0F117A24D5E1150057A099 /* CategoryRow.swift in Sources */,
				CA3020AA24CFE38300B92CE8 /* HexagonParameters.swift in Sources */,
				CA6A8CBC24CD423A002869CF /* Landmark.swift in Sources */,
				CA0E918124D288BF00A53216 /* UserData.swift in Sources */,
				CA0E918D24D288E900A53216 /* BadgeBackground.swift in Sources */,
				CA632C2A249FDC7700483DBA /* AppDelegate.swift in Sources */,
				CAF2DCC224D28649005F375E /* RotatedBadgeSymbol.swift in Sources */,
				CA0E918B24D288E900A53216 /* CircleImage.swift in Sources */,
				CAF2DCC124D28649005F375E /* HikeGraph.swift in Sources */,
				CA6A8CBB24CD423A002869CF /* Data.swift in Sources */,
				CAF2DCBB24D285D6005F375E /* HikeView.swift in Sources */,
				CA0E918C24D288E900A53216 /* BadgeSymbol.swift in Sources */,
				CA0E918824D288E900A53216 /* LandmarkRow.swift in Sources */,
				CA0E918A24D288E900A53216 /* MapView.swift in Sources */,
				CA1134A324D5D16700031971 /* Home.swift in Sources */,
				CA0E918924D288E900A53216 /* Badge.swift in Sources */,
				CAF2DCBD24D2860D005F375E /* Hike.swift in Sources */,
				CAD930F224CDAA70003A087A /* LandmarkList.swift in Sources */,
				CA632C2C249FDC7700483DBA /* SceneDelegate.swift in Sources */,
				CA632C2E249FDC7700483DBA /* LandmarkDetail.swift in Sources */,
				CAF2DCBA24D285D6005F375E /* HikeDetail.swift in Sources */,
				CAF2DCC324D28649005F375E /* GraphCapsule.swift in Sources */,
			);
			runOnlyForDeploymentPostprocessing = 0;
		};
/* End PBXSourcesBuildPhase section */

/* Begin PBXVariantGroup section */
		CA632C34249FDC7D00483DBA /* LaunchScreen.storyboard */ = {
			isa = PBXVariantGroup;
			children = (
				CA632C35249FDC7D00483DBA /* Base */,
			);
			name = LaunchScreen.storyboard;
			sourceTree = "<group>";
		};
/* End PBXVariantGroup section */

/* Begin XCBuildConfiguration section */
		CA632C38249FDC7D00483DBA /* Debug */ = {
			isa = XCBuildConfiguration;
			buildSettings = {
				ALWAYS_SEARCH_USER_PATHS = NO;
				CLANG_ANALYZER_NONNULL = YES;
				CLANG_ANALYZER_NUMBER_OBJECT_CONVERSION = YES_AGGRESSIVE;
				CLANG_CXX_LANGUAGE_STANDARD = "gnu++14";
				CLANG_CXX_LIBRARY = "libc++";
				CLANG_ENABLE_MODULES = YES;
				CLANG_ENABLE_OBJC_ARC = YES;
				CLANG_ENABLE_OBJC_WEAK = YES;
				CLANG_WARN_BLOCK_CAPTURE_AUTORELEASING = YES;
				CLANG_WARN_BOOL_CONVERSION = YES;
				CLANG_WARN_COMMA = YES;
				CLANG_WARN_CONSTANT_CONVERSION = YES;
				CLANG_WARN_DEPRECATED_OBJC_IMPLEMENTATIONS = YES;
				CLANG_WARN_DIRECT_OBJC_ISA_USAGE = YES_ERROR;
				CLANG_WARN_DOCUMENTATION_COMMENTS = YES;
				CLANG_WARN_EMPTY_BODY = YES;
				CLANG_WARN_ENUM_CONVERSION = YES;
				CLANG_WARN_INFINITE_RECURSION = YES;
				CLANG_WARN_INT_CONVERSION = YES;
				CLANG_WARN_NON_LITERAL_NULL_CONVERSION = YES;
				CLANG_WARN_OBJC_IMPLICIT_RETAIN_SELF = YES;
				CLANG_WARN_OBJC_LITERAL_CONVERSION = YES;
				CLANG_WARN_OBJC_ROOT_CLASS = YES_ERROR;
				CLANG_WARN_QUOTED_INCLUDE_IN_FRAMEWORK_HEADER = YES;
				CLANG_WARN_RANGE_LOOP_ANALYSIS = YES;
				CLANG_WARN_STRICT_PROTOTYPES = YES;
				CLANG_WARN_SUSPICIOUS_MOVE = YES;
				CLANG_WARN_UNGUARDED_AVAILABILITY = YES_AGGRESSIVE;
				CLANG_WARN_UNREACHABLE_CODE = YES;
				CLANG_WARN__DUPLICATE_METHOD_MATCH = YES;
				COPY_PHASE_STRIP = NO;
				DEBUG_INFORMATION_FORMAT = dwarf;
				ENABLE_STRICT_OBJC_MSGSEND = YES;
				ENABLE_TESTABILITY = YES;
				GCC_C_LANGUAGE_STANDARD = gnu11;
				GCC_DYNAMIC_NO_PIC = NO;
				GCC_NO_COMMON_BLOCKS = YES;
				GCC_OPTIMIZATION_LEVEL = 0;
				GCC_PREPROCESSOR_DEFINITIONS = (
					"DEBUG=1",
					"$(inherited)",
				);
				GCC_WARN_64_TO_32_BIT_CONVERSION = YES;
				GCC_WARN_ABOUT_RETURN_TYPE = YES_ERROR;
				GCC_WARN_UNDECLARED_SELECTOR = YES;
				GCC_WARN_UNINITIALIZED_AUTOS = YES_AGGRESSIVE;
				GCC_WARN_UNUSED_FUNCTION = YES;
				GCC_WARN_UNUSED_VARIABLE = YES;
				IPHONEOS_DEPLOYMENT_TARGET = 13.5;
				MTL_ENABLE_DEBUG_INFO = INCLUDE_SOURCE;
				MTL_FAST_MATH = YES;
				ONLY_ACTIVE_ARCH = YES;
				SDKROOT = iphoneos;
				SWIFT_ACTIVE_COMPILATION_CONDITIONS = DEBUG;
				SWIFT_OPTIMIZATION_LEVEL = "-Onone";
			};
			name = Debug;
		};
		CA632C39249FDC7D00483DBA /* Release */ = {
			isa = XCBuildConfiguration;
			buildSettings = {
				ALWAYS_SEARCH_USER_PATHS = NO;
				CLANG_ANALYZER_NONNULL = YES;
				CLANG_ANALYZER_NUMBER_OBJECT_CONVERSION = YES_AGGRESSIVE;
				CLANG_CXX_LANGUAGE_STANDARD = "gnu++14";
				CLANG_CXX_LIBRARY = "libc++";
				CLANG_ENABLE_MODULES = YES;
				CLANG_ENABLE_OBJC_ARC = YES;
				CLANG_ENABLE_OBJC_WEAK = YES;
				CLANG_WARN_BLOCK_CAPTURE_AUTORELEASING = YES;
				CLANG_WARN_BOOL_CONVERSION = YES;
				CLANG_WARN_COMMA = YES;
				CLANG_WARN_CONSTANT_CONVERSION = YES;
				CLANG_WARN_DEPRECATED_OBJC_IMPLEMENTATIONS = YES;
				CLANG_WARN_DIRECT_OBJC_ISA_USAGE = YES_ERROR;
				CLANG_WARN_DOCUMENTATION_COMMENTS = YES;
				CLANG_WARN_EMPTY_BODY = YES;
				CLANG_WARN_ENUM_CONVERSION = YES;
				CLANG_WARN_INFINITE_RECURSION = YES;
				CLANG_WARN_INT_CONVERSION = YES;
				CLANG_WARN_NON_LITERAL_NULL_CONVERSION = YES;
				CLANG_WARN_OBJC_IMPLICIT_RETAIN_SELF = YES;
				CLANG_WARN_OBJC_LITERAL_CONVERSION = YES;
				CLANG_WARN_OBJC_ROOT_CLASS = YES_ERROR;
				CLANG_WARN_QUOTED_INCLUDE_IN_FRAMEWORK_HEADER = YES;
				CLANG_WARN_RANGE_LOOP_ANALYSIS = YES;
				CLANG_WARN_STRICT_PROTOTYPES = YES;
				CLANG_WARN_SUSPICIOUS_MOVE = YES;
				CLANG_WARN_UNGUARDED_AVAILABILITY = YES_AGGRESSIVE;
				CLANG_WARN_UNREACHABLE_CODE = YES;
				CLANG_WARN__DUPLICATE_METHOD_MATCH = YES;
				COPY_PHASE_STRIP = NO;
				DEBUG_INFORMATION_FORMAT = "dwarf-with-dsym";
				ENABLE_NS_ASSERTIONS = NO;
				ENABLE_STRICT_OBJC_MSGSEND = YES;
				GCC_C_LANGUAGE_STANDARD = gnu11;
				GCC_NO_COMMON_BLOCKS = YES;
				GCC_WARN_64_TO_32_BIT_CONVERSION = YES;
				GCC_WARN_ABOUT_RETURN_TYPE = YES_ERROR;
				GCC_WARN_UNDECLARED_SELECTOR = YES;
				GCC_WARN_UNINITIALIZED_AUTOS = YES_AGGRESSIVE;
				GCC_WARN_UNUSED_FUNCTION = YES;
				GCC_WARN_UNUSED_VARIABLE = YES;
				IPHONEOS_DEPLOYMENT_TARGET = 13.5;
				MTL_ENABLE_DEBUG_INFO = NO;
				MTL_FAST_MATH = YES;
				SDKROOT = iphoneos;
				SWIFT_COMPILATION_MODE = wholemodule;
				SWIFT_OPTIMIZATION_LEVEL = "-O";
				VALIDATE_PRODUCT = YES;
			};
			name = Release;
		};
		CA632C3B249FDC7D00483DBA /* Debug */ = {
			isa = XCBuildConfiguration;
			buildSettings = {
				ASSETCATALOG_COMPILER_APPICON_NAME = AppIcon;
				CODE_SIGN_STYLE = Automatic;
				DEVELOPMENT_ASSET_PATHS = "\"Landmarks/Preview Content\"";
				DEVELOPMENT_TEAM = GN64R4AHYT;
				ENABLE_PREVIEWS = YES;
				INFOPLIST_FILE = Landmarks/Info.plist;
				LD_RUNPATH_SEARCH_PATHS = (
					"$(inherited)",
					"@executable_path/Frameworks",
				);
				PRODUCT_BUNDLE_IDENTIFIER = com.KnoxWare.Landmarks;
				PRODUCT_NAME = "$(TARGET_NAME)";
				SWIFT_VERSION = 5.0;
				TARGETED_DEVICE_FAMILY = "1,2";
			};
			name = Debug;
		};
		CA632C3C249FDC7D00483DBA /* Release */ = {
			isa = XCBuildConfiguration;
			buildSettings = {
				ASSETCATALOG_COMPILER_APPICON_NAME = AppIcon;
				CODE_SIGN_STYLE = Automatic;
				DEVELOPMENT_ASSET_PATHS = "\"Landmarks/Preview Content\"";
				DEVELOPMENT_TEAM = GN64R4AHYT;
				ENABLE_PREVIEWS = YES;
				INFOPLIST_FILE = Landmarks/Info.plist;
				LD_RUNPATH_SEARCH_PATHS = (
					"$(inherited)",
					"@executable_path/Frameworks",
				);
				PRODUCT_BUNDLE_IDENTIFIER = com.KnoxWare.Landmarks;
				PRODUCT_NAME = "$(TARGET_NAME)";
				SWIFT_VERSION = 5.0;
				TARGETED_DEVICE_FAMILY = "1,2";
			};
			name = Release;
		};
/* End XCBuildConfiguration section */

/* Begin XCConfigurationList section */
		CA632C21249FDC7700483DBA /* Build configuration list for PBXProject "Landmarks" */ = {
			isa = XCConfigurationList;
			buildConfigurations = (
				CA632C38249FDC7D00483DBA /* Debug */,
				CA632C39249FDC7D00483DBA /* Release */,
			);
			defaultConfigurationIsVisible = 0;
			defaultConfigurationName = Release;
		};
		CA632C3A249FDC7D00483DBA /* Build configuration list for PBXNativeTarget "Landmarks" */ = {
			isa = XCConfigurationList;
			buildConfigurations = (
				CA632C3B249FDC7D00483DBA /* Debug */,
				CA632C3C249FDC7D00483DBA /* Release */,
			);
			defaultConfigurationIsVisible = 0;
			defaultConfigurationName = Release;
		};
/* End XCConfigurationList section */
	};
	rootObject = CA632C1E249FDC7700483DBA /* Project object */;
}
