// !$*UTF8*$!
{
	archiveVersion = 1;
	classes = {
	};
	objectVersion = 50;
	objects = {

/* Begin PBXBuildFile section */
		CA632C2A249FDC7700483DBA /* AppDelegate.swift in Sources */ = {isa = PBXBuildFile; fileRef = CA632C29249FDC7700483DBA /* AppDelegate.swift */; };
		CA632C2C249FDC7700483DBA /* SceneDelegate.swift in Sources */ = {isa = PBXBuildFile; fileRef = CA632C2B249FDC7700483DBA /* SceneDelegate.swift */; };
		CA632C2E249FDC7700483DBA /* LandmarkDetail.swift in Sources */ = {isa = PBXBuildFile; fileRef = CA632C2D249FDC7700483DBA /* LandmarkDetail.swift */; };
		CA632C30249FDC7D00483DBA /* Assets.xcassets in Resources */ = {isa = PBXBuildFile; fileRef = CA632C2F249FDC7D00483DBA /* Assets.xcassets */; };
		CA632C33249FDC7D00483DBA /* Preview Assets.xcassets in Resources */ = {isa = PBXBuildFile; fileRef = CA632C32249FDC7D00483DBA /* Preview Assets.xcassets */; };
		CA632C36249FDC7D00483DBA /* LaunchScreen.storyboard in Resources */ = {isa = PBXBuildFile; fileRef = CA632C34249FDC7D00483DBA /* LaunchScreen.storyboard */; };
		CA6A8CBB24CD423A002869CF /* Data.swift in Sources */ = {isa = PBXBuildFile; fileRef = CA6A8CB924CD423A002869CF /* Data.swift */; };
		CA6A8CBC24CD423A002869CF /* Landmark.swift in Sources */ = {isa = PBXBuildFile; fileRef = CA6A8CBA24CD423A002869CF /* Landmark.swift */; };
		CA6A8CCB24CD4853002869CF /* lakemcdonald.jpg in Resources */ = {isa = PBXBuildFile; fileRef = CA6A8CBE24CD4851002869CF /* lakemcdonald.jpg */; };
		CA6A8CCC24CD4853002869CF /* chincoteague.jpg in Resources */ = {isa = PBXBuildFile; fileRef = CA6A8CBF24CD4851002869CF /* chincoteague.jpg */; };
		CA6A8CCD24CD4853002869CF /* rainbowlake.jpg in Resources */ = {isa = PBXBuildFile; fileRef = CA6A8CC024CD4851002869CF /* rainbowlake.jpg */; };
		CA6A8CCE24CD4853002869CF /* stmarylake.jpg in Resources */ = {isa = PBXBuildFile; fileRef = CA6A8CC124CD4851002869CF /* stmarylake.jpg */; };
		CA6A8CCF24CD4853002869CF /* twinlake.jpg in Resources */ = {isa = PBXBuildFile; fileRef = CA6A8CC224CD4851002869CF /* twinlake.jpg */; };
		CA6A8CD024CD4853002869CF /* icybay.jpg in Resources */ = {isa = PBXBuildFile; fileRef = CA6A8CC324CD4851002869CF /* icybay.jpg */; };
		CA6A8CD124CD4853002869CF /* silversalmoncreek.jpg in Resources */ = {isa = PBXBuildFile; fileRef = CA6A8CC424CD4852002869CF /* silversalmoncreek.jpg */; };
		CA6A8CD224CD4853002869CF /* hiddenlake.jpg in Resources */ = {isa = PBXBuildFile; fileRef = CA6A8CC524CD4852002869CF /* hiddenlake.jpg */; };
		CA6A8CD324CD4853002869CF /* turtlerock.jpg in Resources */ = {isa = PBXBuildFile; fileRef = CA6A8CC624CD4852002869CF /* turtlerock.jpg */; };
		CA6A8CD424CD4853002869CF /* chilkoottrail.jpg in Resources */ = {isa = PBXBuildFile; fileRef = CA6A8CC724CD4852002869CF /* chilkoottrail.jpg */; };
		CA6A8CD524CD4853002869CF /* umbagog.jpg in Resources */ = {isa = PBXBuildFile; fileRef = CA6A8CC824CD4852002869CF /* umbagog.jpg */; };
		CA6A8CD624CD4853002869CF /* landmarkData.json in Resources */ = {isa = PBXBuildFile; fileRef = CA6A8CC924CD4852002869CF /* landmarkData.json */; };
		CA6A8CD724CD4853002869CF /* yukon_charleyrivers.jpg in Resources */ = {isa = PBXBuildFile; fileRef = CA6A8CCA24CD4853002869CF /* yukon_charleyrivers.jpg */; };
		CAC872B6249FF3CE00611FD5 /* CircleImage.swift in Sources */ = {isa = PBXBuildFile; fileRef = CAC872B5249FF3CE00611FD5 /* CircleImage.swift */; };
		CAC872B8249FF5B200611FD5 /* MapView.swift in Sources */ = {isa = PBXBuildFile; fileRef = CAC872B7249FF5B200611FD5 /* MapView.swift */; };
		CAD930F024CD5746003A087A /* LandmarkRow.swift in Sources */ = {isa = PBXBuildFile; fileRef = CAD930EF24CD5746003A087A /* LandmarkRow.swift */; };
		CAD930F224CDAA70003A087A /* LandmarkList.swift in Sources */ = {isa = PBXBuildFile; fileRef = CAD930F124CDAA70003A087A /* LandmarkList.swift */; };
/* End PBXBuildFile section */

/* Begin PBXFileReference section */
		CA632C26249FDC7700483DBA /* Landmarks.app */ = {isa = PBXFileReference; explicitFileType = wrapper.application; includeInIndex = 0; path = Landmarks.app; sourceTree = BUILT_PRODUCTS_DIR; };
		CA632C29249FDC7700483DBA /* AppDelegate.swift */ = {isa = PBXFileReference; lastKnownFileType = sourcecode.swift; path = AppDelegate.swift; sourceTree = "<group>"; };
		CA632C2B249FDC7700483DBA /* SceneDelegate.swift */ = {isa = PBXFileReference; lastKnownFileType = sourcecode.swift; path = SceneDelegate.swift; sourceTree = "<group>"; };
		CA632C2D249FDC7700483DBA /* LandmarkDetail.swift */ = {isa = PBXFileReference; lastKnownFileType = sourcecode.swift; path = LandmarkDetail.swift; sourceTree = "<group>"; };
		CA632C2F249FDC7D00483DBA /* Assets.xcassets */ = {isa = PBXFileReference; lastKnownFileType = folder.assetcatalog; path = Assets.xcassets; sourceTree = "<group>"; };
		CA632C32249FDC7D00483DBA /* Preview Assets.xcassets */ = {isa = PBXFileReference; lastKnownFileType = folder.assetcatalog; path = "Preview Assets.xcassets"; sourceTree = "<group>"; };
		CA632C35249FDC7D00483DBA /* Base */ = {isa = PBXFileReference; lastKnownFileType = file.storyboard; name = Base; path = Base.lproj/LaunchScreen.storyboard; sourceTree = "<group>"; };
		CA632C37249FDC7D00483DBA /* Info.plist */ = {isa = PBXFileReference; lastKnownFileType = text.plist.xml; path = Info.plist; sourceTree = "<group>"; };
		CA6A8CB924CD423A002869CF /* Data.swift */ = {isa = PBXFileReference; fileEncoding = 4; lastKnownFileType = sourcecode.swift; path = Data.swift; sourceTree = "<group>"; };
		CA6A8CBA24CD423A002869CF /* Landmark.swift */ = {isa = PBXFileReference; fileEncoding = 4; lastKnownFileType = sourcecode.swift; path = Landmark.swift; sourceTree = "<group>"; };
		CA6A8CBE24CD4851002869CF /* lakemcdonald.jpg */ = {isa = PBXFileReference; lastKnownFileType = image.jpeg; path = lakemcdonald.jpg; sourceTree = "<group>"; };
		CA6A8CBF24CD4851002869CF /* chincoteague.jpg */ = {isa = PBXFileReference; lastKnownFileType = image.jpeg; path = chincoteague.jpg; sourceTree = "<group>"; };
		CA6A8CC024CD4851002869CF /* rainbowlake.jpg */ = {isa = PBXFileReference; lastKnownFileType = image.jpeg; path = rainbowlake.jpg; sourceTree = "<group>"; };
		CA6A8CC124CD4851002869CF /* stmarylake.jpg */ = {isa = PBXFileReference; lastKnownFileType = image.jpeg; path = stmarylake.jpg; sourceTree = "<group>"; };
		CA6A8CC224CD4851002869CF /* twinlake.jpg */ = {isa = PBXFileReference; lastKnownFileType = image.jpeg; path = twinlake.jpg; sourceTree = "<group>"; };
		CA6A8CC324CD4851002869CF /* icybay.jpg */ = {isa = PBXFileReference; lastKnownFileType = image.jpeg; path = icybay.jpg; sourceTree = "<group>"; };
		CA6A8CC424CD4852002869CF /* silversalmoncreek.jpg */ = {isa = PBXFileReference; lastKnownFileType = image.jpeg; path = silversalmoncreek.jpg; sourceTree = "<group>"; };
		CA6A8CC524CD4852002869CF /* hiddenlake.jpg */ = {isa = PBXFileReference; lastKnownFileType = image.jpeg; path = hiddenlake.jpg; sourceTree = "<group>"; };
		CA6A8CC624CD4852002869CF /* turtlerock.jpg */ = {isa = PBXFileReference; lastKnownFileType = image.jpeg; path = turtlerock.jpg; sourceTree = "<group>"; };
		CA6A8CC724CD4852002869CF /* chilkoottrail.jpg */ = {isa = PBXFileReference; lastKnownFileType = image.jpeg; path = chilkoottrail.jpg; sourceTree = "<group>"; };
		CA6A8CC824CD4852002869CF /* umbagog.jpg */ = {isa = PBXFileReference; lastKnownFileType = image.jpeg; path = umbagog.jpg; sourceTree = "<group>"; };
		CA6A8CC924CD4852002869CF /* landmarkData.json */ = {isa = PBXFileReference; fileEncoding = 4; lastKnownFileType = text.json; path = landmarkData.json; sourceTree = "<group>"; };
		CA6A8CCA24CD4853002869CF /* yukon_charleyrivers.jpg */ = {isa = PBXFileReference; lastKnownFileType = image.jpeg; path = yukon_charleyrivers.jpg; sourceTree = "<group>"; };
		CAC872B5249FF3CE00611FD5 /* CircleImage.swift */ = {isa = PBXFileReference; lastKnownFileType = sourcecode.swift; path = CircleImage.swift; sourceTree = "<group>"; };
		CAC872B7249FF5B200611FD5 /* MapView.swift */ = {isa = PBXFileReference; lastKnownFileType = sourcecode.swift; path = MapView.swift; sourceTree = "<group>"; };
		CAD930EF24CD5746003A087A /* LandmarkRow.swift */ = {isa = PBXFileReference; lastKnownFileType = sourcecode.swift; path = LandmarkRow.swift; sourceTree = "<group>"; };
		CAD930F124CDAA70003A087A /* LandmarkList.swift */ = {isa = PBXFileReference; lastKnownFileType = sourcecode.swift; path = LandmarkList.swift; sourceTree = "<group>"; };
/* End PBXFileReference section */

/* Begin PBXFrameworksBuildPhase section */
		CA632C23249FDC7700483DBA /* Frameworks */ = {
			isa = PBXFrameworksBuildPhase;
			buildActionMask = 2147483647;
			files = (
			);
			runOnlyForDeploymentPostprocessing = 0;
		};
/* End PBXFrameworksBuildPhase section */

/* Begin PBXGroup section */
		CA632C1D249FDC7700483DBA = {
			isa = PBXGroup;
			children = (
				CA632C28249FDC7700483DBA /* Landmarks */,
				CA632C27249FDC7700483DBA /* Products */,
			);
			sourceTree = "<group>";
		};
		CA632C27249FDC7700483DBA /* Products */ = {
			isa = PBXGroup;
			children = (
				CA632C26249FDC7700483DBA /* Landmarks.app */,
			);
			name = Products;
			sourceTree = "<group>";
		};
		CA632C28249FDC7700483DBA /* Landmarks */ = {
			isa = PBXGroup;
			children = (
				CA6A8CBD24CD4827002869CF /* Resources */,
				CA6A8CB824CD41E7002869CF /* Models */,
				CA632C29249FDC7700483DBA /* AppDelegate.swift */,
				CA632C2B249FDC7700483DBA /* SceneDelegate.swift */,
				CA632C2D249FDC7700483DBA /* LandmarkDetail.swift */,
				CAD930EF24CD5746003A087A /* LandmarkRow.swift */,
				CAD930F124CDAA70003A087A /* LandmarkList.swift */,
				CA632C2F249FDC7D00483DBA /* Assets.xcassets */,
				CAC872B5249FF3CE00611FD5 /* CircleImage.swift */,
				CAC872B7249FF5B200611FD5 /* MapView.swift */,
				CA632C34249FDC7D00483DBA /* LaunchScreen.storyboard */,
				CA632C37249FDC7D00483DBA /* Info.plist */,
				CA632C31249FDC7D00483DBA /* Preview Content */,
			);
			path = Landmarks;
			sourceTree = "<group>";
		};
		CA632C31249FDC7D00483DBA /* Preview Content */ = {
			isa = PBXGroup;
			children = (
				CA632C32249FDC7D00483DBA /* Preview Assets.xcassets */,
			);
			path = "Preview Content";
			sourceTree = "<group>";
		};
		CA6A8CB824CD41E7002869CF /* Models */ = {
			isa = PBXGroup;
			children = (
				CA6A8CB924CD423A002869CF /* Data.swift */,
				CA6A8CBA24CD423A002869CF /* Landmark.swift */,
			);
			path = Models;
			sourceTree = "<group>";
		};
		CA6A8CBD24CD4827002869CF /* Resources */ = {
			isa = PBXGroup;
			children = (
				CA6A8CC724CD4852002869CF /* chilkoottrail.jpg */,
				CA6A8CBF24CD4851002869CF /* chincoteague.jpg */,
				CA6A8CC524CD4852002869CF /* hiddenlake.jpg */,
				CA6A8CC324CD4851002869CF /* icybay.jpg */,
				CA6A8CBE24CD4851002869CF /* lakemcdonald.jpg */,
				CA6A8CC924CD4852002869CF /* landmarkData.json */,
				CA6A8CC024CD4851002869CF /* rainbowlake.jpg */,
				CA6A8CC424CD4852002869CF /* silversalmoncreek.jpg */,
				CA6A8CC124CD4851002869CF /* stmarylake.jpg */,
				CA6A8CC624CD4852002869CF /* turtlerock.jpg */,
				CA6A8CC224CD4851002869CF /* twinlake.jpg */,
				CA6A8CC824CD4852002869CF /* umbagog.jpg */,
				CA6A8CCA24CD4853002869CF /* yukon_charleyrivers.jpg */,
			);
			path = Resources;
			sourceTree = "<group>";
		};
/* End PBXGroup section */

/* Begin PBXNativeTarget section */
		CA632C25249FDC7700483DBA /* Landmarks */ = {
			isa = PBXNativeTarget;
			buildConfigurationList = CA632C3A249FDC7D00483DBA /* Build configuration list for PBXNativeTarget "Landmarks" */;
			buildPhases = (
				CA632C22249FDC7700483DBA /* Sources */,
				CA632C23249FDC7700483DBA /* Frameworks */,
				CA632C24249FDC7700483DBA /* Resources */,
			);
			buildRules = (
			);
			dependencies = (
			);
			name = Landmarks;
			productName = Landmarks;
			productReference = CA632C26249FDC7700483DBA /* Landmarks.app */;
			productType = "com.apple.product-type.application";
		};
/* End PBXNativeTarget section */

/* Begin PBXProject section */
		CA632C1E249FDC7700483DBA /* Project object */ = {
			isa = PBXProject;
			attributes = {
				LastSwiftUpdateCheck = 1150;
				LastUpgradeCheck = 1200;
				ORGANIZATIONNAME = "Brandon Knox";
				TargetAttributes = {
					CA632C25249FDC7700483DBA = {
						CreatedOnToolsVersion = 11.5;
					};
				};
			};
			buildConfigurationList = CA632C21249FDC7700483DBA /* Build configuration list for PBXProject "Landmarks" */;
			compatibilityVersion = "Xcode 9.3";
			developmentRegion = en;
			hasScannedForEncodings = 0;
			knownRegions = (
				en,
				Base,
			);
			mainGroup = CA632C1D249FDC7700483DBA;
			productRefGroup = CA632C27249FDC7700483DBA /* Products */;
			projectDirPath = "";
			projectRoot = "";
			targets = (
				CA632C25249FDC7700483DBA /* Landmarks */,
			);
		};
/* End PBXProject section */

/* Begin PBXResourcesBuildPhase section */
		CA632C24249FDC7700483DBA /* Resources */ = {
			isa = PBXResourcesBuildPhase;
			buildActionMask = 2147483647;
			files = (
				CA632C36249FDC7D00483DBA /* LaunchScreen.storyboard in Resources */,
				CA6A8CCD24CD4853002869CF /* rainbowlake.jpg in Resources */,
				CA6A8CD524CD4853002869CF /* umbagog.jpg in Resources */,
				CA6A8CCF24CD4853002869CF /* twinlake.jpg in Resources */,
				CA632C33249FDC7D00483DBA /* Preview Assets.xcassets in Resources */,
				CA6A8CCB24CD4853002869CF /* lakemcdonald.jpg in Resources */,
				CA6A8CD224CD4853002869CF /* hiddenlake.jpg in Resources */,
				CA6A8CD424CD4853002869CF /* chilkoottrail.jpg in Resources */,
				CA6A8CD624CD4853002869CF /* landmarkData.json in Resources */,
				CA6A8CD124CD4853002869CF /* silversalmoncreek.jpg in Resources */,
				CA632C30249FDC7D00483DBA /* Assets.xcassets in Resources */,
				CA6A8CD324CD4853002869CF /* turtlerock.jpg in Resources */,
				CA6A8CCC24CD4853002869CF /* chincoteague.jpg in Resources */,
				CA6A8CD024CD4853002869CF /* icybay.jpg in Resources */,
				CA6A8CD724CD4853002869CF /* yukon_charleyrivers.jpg in Resources */,
				CA6A8CCE24CD4853002869CF /* stmarylake.jpg in Resources */,
			);
			runOnlyForDeploymentPostprocessing = 0;
		};
/* End PBXResourcesBuildPhase section */

/* Begin PBXSourcesBuildPhase section */
		CA632C22249FDC7700483DBA /* Sources */ = {
			isa = PBXSourcesBuildPhase;
			buildActionMask = 2147483647;
			files = (
				CA6A8CBC24CD423A002869CF /* Landmark.swift in Sources */,
				CA632C2A249FDC7700483DBA /* AppDelegate.swift in Sources */,
				CA6A8CBB24CD423A002869CF /* Data.swift in Sources */,
				CAC872B6249FF3CE00611FD5 /* CircleImage.swift in Sources */,
				CAD930F224CDAA70003A087A /* LandmarkList.swift in Sources */,
				CAC872B8249FF5B200611FD5 /* MapView.swift in Sources */,
				CA632C2C249FDC7700483DBA /* SceneDelegate.swift in Sources */,
				CAD930F024CD5746003A087A /* LandmarkRow.swift in Sources */,
				CA632C2E249FDC7700483DBA /* LandmarkDetail.swift in Sources */,
			);
			runOnlyForDeploymentPostprocessing = 0;
		};
/* End PBXSourcesBuildPhase section */

/* Begin PBXVariantGroup section */
		CA632C34249FDC7D00483DBA /* LaunchScreen.storyboard */ = {
			isa = PBXVariantGroup;
			children = (
				CA632C35249FDC7D00483DBA /* Base */,
			);
			name = LaunchScreen.storyboard;
			sourceTree = "<group>";
		};
/* End PBXVariantGroup section */

/* Begin XCBuildConfiguration section */
		CA632C38249FDC7D00483DBA /* Debug */ = {
			isa = XCBuildConfiguration;
			buildSettings = {
				ALWAYS_SEARCH_USER_PATHS = NO;
				CLANG_ANALYZER_NONNULL = YES;
				CLANG_ANALYZER_NUMBER_OBJECT_CONVERSION = YES_AGGRESSIVE;
				CLANG_CXX_LANGUAGE_STANDARD = "gnu++14";
				CLANG_CXX_LIBRARY = "libc++";
				CLANG_ENABLE_MODULES = YES;
				CLANG_ENABLE_OBJC_ARC = YES;
				CLANG_ENABLE_OBJC_WEAK = YES;
				CLANG_WARN_BLOCK_CAPTURE_AUTORELEASING = YES;
				CLANG_WARN_BOOL_CONVERSION = YES;
				CLANG_WARN_COMMA = YES;
				CLANG_WARN_CONSTANT_CONVERSION = YES;
				CLANG_WARN_DEPRECATED_OBJC_IMPLEMENTATIONS = YES;
				CLANG_WARN_DIRECT_OBJC_ISA_USAGE = YES_ERROR;
				CLANG_WARN_DOCUMENTATION_COMMENTS = YES;
				CLANG_WARN_EMPTY_BODY = YES;
				CLANG_WARN_ENUM_CONVERSION = YES;
				CLANG_WARN_INFINITE_RECURSION = YES;
				CLANG_WARN_INT_CONVERSION = YES;
				CLANG_WARN_NON_LITERAL_NULL_CONVERSION = YES;
				CLANG_WARN_OBJC_IMPLICIT_RETAIN_SELF = YES;
				CLANG_WARN_OBJC_LITERAL_CONVERSION = YES;
				CLANG_WARN_OBJC_ROOT_CLASS = YES_ERROR;
				CLANG_WARN_QUOTED_INCLUDE_IN_FRAMEWORK_HEADER = YES;
				CLANG_WARN_RANGE_LOOP_ANALYSIS = YES;
				CLANG_WARN_STRICT_PROTOTYPES = YES;
				CLANG_WARN_SUSPICIOUS_MOVE = YES;
				CLANG_WARN_UNGUARDED_AVAILABILITY = YES_AGGRESSIVE;
				CLANG_WARN_UNREACHABLE_CODE = YES;
				CLANG_WARN__DUPLICATE_METHOD_MATCH = YES;
				COPY_PHASE_STRIP = NO;
				DEBUG_INFORMATION_FORMAT = dwarf;
				ENABLE_STRICT_OBJC_MSGSEND = YES;
				ENABLE_TESTABILITY = YES;
				GCC_C_LANGUAGE_STANDARD = gnu11;
				GCC_DYNAMIC_NO_PIC = NO;
				GCC_NO_COMMON_BLOCKS = YES;
				GCC_OPTIMIZATION_LEVEL = 0;
				GCC_PREPROCESSOR_DEFINITIONS = (
					"DEBUG=1",
					"$(inherited)",
				);
				GCC_WARN_64_TO_32_BIT_CONVERSION = YES;
				GCC_WARN_ABOUT_RETURN_TYPE = YES_ERROR;
				GCC_WARN_UNDECLARED_SELECTOR = YES;
				GCC_WARN_UNINITIALIZED_AUTOS = YES_AGGRESSIVE;
				GCC_WARN_UNUSED_FUNCTION = YES;
				GCC_WARN_UNUSED_VARIABLE = YES;
				IPHONEOS_DEPLOYMENT_TARGET = 13.5;
				MTL_ENABLE_DEBUG_INFO = INCLUDE_SOURCE;
				MTL_FAST_MATH = YES;
				ONLY_ACTIVE_ARCH = YES;
				SDKROOT = iphoneos;
				SWIFT_ACTIVE_COMPILATION_CONDITIONS = DEBUG;
				SWIFT_OPTIMIZATION_LEVEL = "-Onone";
			};
			name = Debug;
		};
		CA632C39249FDC7D00483DBA /* Release */ = {
			isa = XCBuildConfiguration;
			buildSettings = {
				ALWAYS_SEARCH_USER_PATHS = NO;
				CLANG_ANALYZER_NONNULL = YES;
				CLANG_ANALYZER_NUMBER_OBJECT_CONVERSION = YES_AGGRESSIVE;
				CLANG_CXX_LANGUAGE_STANDARD = "gnu++14";
				CLANG_CXX_LIBRARY = "libc++";
				CLANG_ENABLE_MODULES = YES;
				CLANG_ENABLE_OBJC_ARC = YES;
				CLANG_ENABLE_OBJC_WEAK = YES;
				CLANG_WARN_BLOCK_CAPTURE_AUTORELEASING = YES;
				CLANG_WARN_BOOL_CONVERSION = YES;
				CLANG_WARN_COMMA = YES;
				CLANG_WARN_CONSTANT_CONVERSION = YES;
				CLANG_WARN_DEPRECATED_OBJC_IMPLEMENTATIONS = YES;
				CLANG_WARN_DIRECT_OBJC_ISA_USAGE = YES_ERROR;
				CLANG_WARN_DOCUMENTATION_COMMENTS = YES;
				CLANG_WARN_EMPTY_BODY = YES;
				CLANG_WARN_ENUM_CONVERSION = YES;
				CLANG_WARN_INFINITE_RECURSION = YES;
				CLANG_WARN_INT_CONVERSION = YES;
				CLANG_WARN_NON_LITERAL_NULL_CONVERSION = YES;
				CLANG_WARN_OBJC_IMPLICIT_RETAIN_SELF = YES;
				CLANG_WARN_OBJC_LITERAL_CONVERSION = YES;
				CLANG_WARN_OBJC_ROOT_CLASS = YES_ERROR;
				CLANG_WARN_QUOTED_INCLUDE_IN_FRAMEWORK_HEADER = YES;
				CLANG_WARN_RANGE_LOOP_ANALYSIS = YES;
				CLANG_WARN_STRICT_PROTOTYPES = YES;
				CLANG_WARN_SUSPICIOUS_MOVE = YES;
				CLANG_WARN_UNGUARDED_AVAILABILITY = YES_AGGRESSIVE;
				CLANG_WARN_UNREACHABLE_CODE = YES;
				CLANG_WARN__DUPLICATE_METHOD_MATCH = YES;
				COPY_PHASE_STRIP = NO;
				DEBUG_INFORMATION_FORMAT = "dwarf-with-dsym";
				ENABLE_NS_ASSERTIONS = NO;
				ENABLE_STRICT_OBJC_MSGSEND = YES;
				GCC_C_LANGUAGE_STANDARD = gnu11;
				GCC_NO_COMMON_BLOCKS = YES;
				GCC_WARN_64_TO_32_BIT_CONVERSION = YES;
				GCC_WARN_ABOUT_RETURN_TYPE = YES_ERROR;
				GCC_WARN_UNDECLARED_SELECTOR = YES;
				GCC_WARN_UNINITIALIZED_AUTOS = YES_AGGRESSIVE;
				GCC_WARN_UNUSED_FUNCTION = YES;
				GCC_WARN_UNUSED_VARIABLE = YES;
				IPHONEOS_DEPLOYMENT_TARGET = 13.5;
				MTL_ENABLE_DEBUG_INFO = NO;
				MTL_FAST_MATH = YES;
				SDKROOT = iphoneos;
				SWIFT_COMPILATION_MODE = wholemodule;
				SWIFT_OPTIMIZATION_LEVEL = "-O";
				VALIDATE_PRODUCT = YES;
			};
			name = Release;
		};
		CA632C3B249FDC7D00483DBA /* Debug */ = {
			isa = XCBuildConfiguration;
			buildSettings = {
				ASSETCATALOG_COMPILER_APPICON_NAME = AppIcon;
				CODE_SIGN_STYLE = Automatic;
				DEVELOPMENT_ASSET_PATHS = "\"Landmarks/Preview Content\"";
				DEVELOPMENT_TEAM = GN64R4AHYT;
				ENABLE_PREVIEWS = YES;
				INFOPLIST_FILE = Landmarks/Info.plist;
				LD_RUNPATH_SEARCH_PATHS = (
					"$(inherited)",
					"@executable_path/Frameworks",
				);
				PRODUCT_BUNDLE_IDENTIFIER = com.KnoxWare.Landmarks;
				PRODUCT_NAME = "$(TARGET_NAME)";
				SWIFT_VERSION = 5.0;
				TARGETED_DEVICE_FAMILY = "1,2";
			};
			name = Debug;
		};
		CA632C3C249FDC7D00483DBA /* Release */ = {
			isa = XCBuildConfiguration;
			buildSettings = {
				ASSETCATALOG_COMPILER_APPICON_NAME = AppIcon;
				CODE_SIGN_STYLE = Automatic;
				DEVELOPMENT_ASSET_PATHS = "\"Landmarks/Preview Content\"";
				DEVELOPMENT_TEAM = GN64R4AHYT;
				ENABLE_PREVIEWS = YES;
				INFOPLIST_FILE = Landmarks/Info.plist;
				LD_RUNPATH_SEARCH_PATHS = (
					"$(inherited)",
					"@executable_path/Frameworks",
				);
				PRODUCT_BUNDLE_IDENTIFIER = com.KnoxWare.Landmarks;
				PRODUCT_NAME = "$(TARGET_NAME)";
				SWIFT_VERSION = 5.0;
				TARGETED_DEVICE_FAMILY = "1,2";
			};
			name = Release;
		};
/* End XCBuildConfiguration section */

/* Begin XCConfigurationList section */
		CA632C21249FDC7700483DBA /* Build configuration list for PBXProject "Landmarks" */ = {
			isa = XCConfigurationList;
			buildConfigurations = (
				CA632C38249FDC7D00483DBA /* Debug */,
				CA632C39249FDC7D00483DBA /* Release */,
			);
			defaultConfigurationIsVisible = 0;
			defaultConfigurationName = Release;
		};
		CA632C3A249FDC7D00483DBA /* Build configuration list for PBXNativeTarget "Landmarks" */ = {
			isa = XCConfigurationList;
			buildConfigurations = (
				CA632C3B249FDC7D00483DBA /* Debug */,
				CA632C3C249FDC7D00483DBA /* Release */,
			);
			defaultConfigurationIsVisible = 0;
			defaultConfigurationName = Release;
		};
/* End XCConfigurationList section */
	};
	rootObject = CA632C1E249FDC7700483DBA /* Project object */;
}
